
Microsoft Visual Studio Solution File, Format Version 12.00
# Visual Studio Version 16
VisualStudioVersion = 16.0.31624.102
MinimumVisualStudioVersion = 10.0.40219.1
Project("{2150E333-8FDC-42A3-9474-1A3956D46DE8}") = "Application", "Application", "{750F4C27-8CEC-4F09-91C5-D415E39EA27D}"
EndProject
Project("{2150E333-8FDC-42A3-9474-1A3956D46DE8}") = "Domain", "Domain", "{F2E876FD-679C-44B6-85C0-C5D757FF32C8}"
EndProject
Project("{2150E333-8FDC-42A3-9474-1A3956D46DE8}") = "Infra.Data", "Infra.Data", "{A2BC7630-F4B7-4E87-BA66-CFA13D79DCF8}"
EndProject
Project("{2150E333-8FDC-42A3-9474-1A3956D46DE8}") = "Infra.Ioc", "Infra.Ioc", "{E075A4EF-367E-47CD-AFCC-6A4DE583BC00}"
EndProject
Project("{2150E333-8FDC-42A3-9474-1A3956D46DE8}") = "Presentation", "Presentation", "{7EC85B9F-1C4D-4296-A061-5C225F930EF8}"
EndProject
Project("{9A19103F-16F7-4668-BE54-9A1E7A4F7556}") = "CleanArch.Mvc", "CleanArch.Mvc1\CleanArch.Mvc.csproj", "{264A5DF7-ECA9-4899-972C-F3AD98071E25}"
EndProject
Project("{9A19103F-16F7-4668-BE54-9A1E7A4F7556}") = "CleanArch.Domain", "CleanArch.Domain\CleanArch.Domain.csproj", "{8A008D49-90D7-46BA-A4AB-68DFF78E647F}"
EndProject
Project("{9A19103F-16F7-4668-BE54-9A1E7A4F7556}") = "CleanArch.Infra.Data", "CleanArch.Infra.Data\CleanArch.Infra.Data.csproj", "{2E02A9E7-FDC6-4DA7-9602-E227AF347249}"
EndProject
Project("{9A19103F-16F7-4668-BE54-9A1E7A4F7556}") = "CleanArch.Application", "CleanArch.Application\CleanArch.Application.csproj", "{9D754500-CC9F-424F-9E41-60FCE0B1BFAD}"
EndProject
Project("{9A19103F-16F7-4668-BE54-9A1E7A4F7556}") = "CleanArch.Infra.Ioc", "CleanArch.Infra.Ioc\CleanArch.Infra.Ioc.csproj", "{2585591F-1163-4082-BAE3-3077D8549215}"
EndProject
Project("{2150E333-8FDC-42A3-9474-1A3956D46DE8}") = "Infra.Bus", "Infra.Bus", "{F885EC3B-9E24-4321-9E54-53392475CC2E}"
EndProject
Project("{2150E333-8FDC-42A3-9474-1A3956D46DE8}") = "Api", "Api", "{DF0CEBF6-068B-45A5-B50A-AADAC5C55007}"
EndProject
Project("{9A19103F-16F7-4668-BE54-9A1E7A4F7556}") = "CleanArch.Infra.Bus", "CleanArch.Infra.Bus\CleanArch.Infra.Bus.csproj", "{03946494-1F75-4B8F-B092-C13A27E5106D}"
EndProject
Project("{FAE04EC0-301F-11D3-BF4B-00C04F79EFBC}") = "CleanArch.Domain.Core", "CleanArch.Domain.Core\CleanArch.Domain.Core.csproj", "{1CAD1163-D1A6-424B-8168-58C30EE4C6B7}"
EndProject
Project("{FAE04EC0-301F-11D3-BF4B-00C04F79EFBC}") = "CleanArch.Api", "CleanArch.Api\CleanArch.Api.csproj", "{10653E85-4E2E-44E1-812E-7C20F334A3AA}"
EndProject
Global
	GlobalSection(SolutionConfigurationPlatforms) = preSolution
		Debug|Any CPU = Debug|Any CPU
		Release|Any CPU = Release|Any CPU
	EndGlobalSection
	GlobalSection(ProjectConfigurationPlatforms) = postSolution
		{264A5DF7-ECA9-4899-972C-F3AD98071E25}.Debug|Any CPU.ActiveCfg = Debug|Any CPU
		{264A5DF7-ECA9-4899-972C-F3AD98071E25}.Debug|Any CPU.Build.0 = Debug|Any CPU
		{264A5DF7-ECA9-4899-972C-F3AD98071E25}.Release|Any CPU.ActiveCfg = Release|Any CPU
		{264A5DF7-ECA9-4899-972C-F3AD98071E25}.Release|Any CPU.Build.0 = Release|Any CPU
		{8A008D49-90D7-46BA-A4AB-68DFF78E647F}.Debug|Any CPU.ActiveCfg = Debug|Any CPU
		{8A008D49-90D7-46BA-A4AB-68DFF78E647F}.Debug|Any CPU.Build.0 = Debug|Any CPU
		{8A008D49-90D7-46BA-A4AB-68DFF78E647F}.Release|Any CPU.ActiveCfg = Release|Any CPU
		{8A008D49-90D7-46BA-A4AB-68DFF78E647F}.Release|Any CPU.Build.0 = Release|Any CPU
		{2E02A9E7-FDC6-4DA7-9602-E227AF347249}.Debug|Any CPU.ActiveCfg = Debug|Any CPU
		{2E02A9E7-FDC6-4DA7-9602-E227AF347249}.Debug|Any CPU.Build.0 = Debug|Any CPU
		{2E02A9E7-FDC6-4DA7-9602-E227AF347249}.Release|Any CPU.ActiveCfg = Release|Any CPU
		{2E02A9E7-FDC6-4DA7-9602-E227AF347249}.Release|Any CPU.Build.0 = Release|Any CPU
		{9D754500-CC9F-424F-9E41-60FCE0B1BFAD}.Debug|Any CPU.ActiveCfg = Debug|Any CPU
		{9D754500-CC9F-424F-9E41-60FCE0B1BFAD}.Debug|Any CPU.Build.0 = Debug|Any CPU
		{9D754500-CC9F-424F-9E41-60FCE0B1BFAD}.Release|Any CPU.ActiveCfg = Release|Any CPU
		{9D754500-CC9F-424F-9E41-60FCE0B1BFAD}.Release|Any CPU.Build.0 = Release|Any CPU
		{2585591F-1163-4082-BAE3-3077D8549215}.Debug|Any CPU.ActiveCfg = Debug|Any CPU
		{2585591F-1163-4082-BAE3-3077D8549215}.Debug|Any CPU.Build.0 = Debug|Any CPU
		{2585591F-1163-4082-BAE3-3077D8549215}.Release|Any CPU.ActiveCfg = Release|Any CPU
		{2585591F-1163-4082-BAE3-3077D8549215}.Release|Any CPU.Build.0 = Release|Any CPU
		{03946494-1F75-4B8F-B092-C13A27E5106D}.Debug|Any CPU.ActiveCfg = Debug|Any CPU
		{03946494-1F75-4B8F-B092-C13A27E5106D}.Debug|Any CPU.Build.0 = Debug|Any CPU
		{03946494-1F75-4B8F-B092-C13A27E5106D}.Release|Any CPU.ActiveCfg = Release|Any CPU
		{03946494-1F75-4B8F-B092-C13A27E5106D}.Release|Any CPU.Build.0 = Release|Any CPU
		{1CAD1163-D1A6-424B-8168-58C30EE4C6B7}.Debug|Any CPU.ActiveCfg = Debug|Any CPU
		{1CAD1163-D1A6-424B-8168-58C30EE4C6B7}.Debug|Any CPU.Build.0 = Debug|Any CPU
		{1CAD1163-D1A6-424B-8168-58C30EE4C6B7}.Release|Any CPU.ActiveCfg = Release|Any CPU
		{1CAD1163-D1A6-424B-8168-58C30EE4C6B7}.Release|Any CPU.Build.0 = Release|Any CPU
		{10653E85-4E2E-44E1-812E-7C20F334A3AA}.Debug|Any CPU.ActiveCfg = Debug|Any CPU
		{10653E85-4E2E-44E1-812E-7C20F334A3AA}.Debug|Any CPU.Build.0 = Debug|Any CPU
		{10653E85-4E2E-44E1-812E-7C20F334A3AA}.Release|Any CPU.ActiveCfg = Release|Any CPU
		{10653E85-4E2E-44E1-812E-7C20F334A3AA}.Release|Any CPU.Build.0 = Release|Any CPU
	EndGlobalSection
	GlobalSection(SolutionProperties) = preSolution
		HideSolutionNode = FALSE
	EndGlobalSection
	GlobalSection(NestedProjects) = preSolution
		{264A5DF7-ECA9-4899-972C-F3AD98071E25} = {7EC85B9F-1C4D-4296-A061-5C225F930EF8}
		{8A008D49-90D7-46BA-A4AB-68DFF78E647F} = {F2E876FD-679C-44B6-85C0-C5D757FF32C8}
		{2E02A9E7-FDC6-4DA7-9602-E227AF347249} = {A2BC7630-F4B7-4E87-BA66-CFA13D79DCF8}
		{9D754500-CC9F-424F-9E41-60FCE0B1BFAD} = {750F4C27-8CEC-4F09-91C5-D415E39EA27D}
		{2585591F-1163-4082-BAE3-3077D8549215} = {E075A4EF-367E-47CD-AFCC-6A4DE583BC00}
		{03946494-1F75-4B8F-B092-C13A27E5106D} = {F885EC3B-9E24-4321-9E54-53392475CC2E}
		{1CAD1163-D1A6-424B-8168-58C30EE4C6B7} = {F2E876FD-679C-44B6-85C0-C5D757FF32C8}
		{10653E85-4E2E-44E1-812E-7C20F334A3AA} = {DF0CEBF6-068B-45A5-B50A-AADAC5C55007}
	EndGlobalSection
	GlobalSection(ExtensibilityGlobals) = postSolution
		SolutionGuid = {5E97760F-D75C-420C-A349-06306DA3E535}
	EndGlobalSection
EndGlobal
